
Microsoft Visual Studio Solution File, Format Version 12.00
# Visual Studio Version 17
VisualStudioVersion = 17.0.32014.148
MinimumVisualStudioVersion = 10.0.40219.1
Project("{FAE04EC0-301F-11D3-BF4B-00C04F79EFBC}") = "FacadePattern", "FacadePattern\FacadePattern.csproj", "{6CA278D0-8581-46C9-A38A-69FBFCC87A20}"
EndProject
Project("{FAE04EC0-301F-11D3-BF4B-00C04F79EFBC}") = "WorkerProblem", "WorkerProblem\WorkerProblem.csproj", "{4E2CFC0B-CD24-459F-91F0-B1227BE6EE58}"
EndProject
Global
	GlobalSection(SolutionConfigurationPlatforms) = preSolution
		Debug|Any CPU = Debug|Any CPU
		Release|Any CPU = Release|Any CPU
	EndGlobalSection
	GlobalSection(ProjectConfigurationPlatforms) = postSolution
		{6CA278D0-8581-46C9-A38A-69FBFCC87A20}.Debug|Any CPU.ActiveCfg = Debug|Any CPU
		{6CA278D0-8581-46C9-A38A-69FBFCC87A20}.Debug|Any CPU.Build.0 = Debug|Any CPU
		{6CA278D0-8581-46C9-A38A-69FBFCC87A20}.Release|Any CPU.ActiveCfg = Release|Any CPU
		{6CA278D0-8581-46C9-A38A-69FBFCC87A20}.Release|Any CPU.Build.0 = Release|Any CPU
		{4E2CFC0B-CD24-459F-91F0-B1227BE6EE58}.Debug|Any CPU.ActiveCfg = Debug|Any CPU
		{4E2CFC0B-CD24-459F-91F0-B1227BE6EE58}.Debug|Any CPU.Build.0 = Debug|Any CPU
		{4E2CFC0B-CD24-459F-91F0-B1227BE6EE58}.Release|Any CPU.ActiveCfg = Release|Any CPU
		{4E2CFC0B-CD24-459F-91F0-B1227BE6EE58}.Release|Any CPU.Build.0 = Release|Any CPU
	EndGlobalSection
	GlobalSection(SolutionProperties) = preSolution
		HideSolutionNode = FALSE
	EndGlobalSection
	GlobalSection(ExtensibilityGlobals) = postSolution
		SolutionGuid = {63DC5E6B-EC93-4A4B-BB71-B4AC221ABF28}
	EndGlobalSection
EndGlobal
